# Generated by buf. DO NOT EDIT.
version: v1
deps:
  - remote: buf.build
    owner: conduitio
    repository: conduit-commons
    commit: 16091c724e07496a97473a9f635ddb96
    digest: shake256:1f8459d914f9e6600ec6d5259b8429744d66a970cbf64f613ab8a66329f33a4d3d232250dfde5f0314fefa89aedc463784ee7530dc536a0a0b9b9e2fad508fbb
  - remote: buf.build
    owner: googleapis
    repository: googleapis
    commit: 004180b77378443887d3b55cabc00384
    digest: shake256:d26c7c2fd95f0873761af33ca4a0c0d92c8577122b6feb74eb3b0a57ebe47a98ab24a209a0e91945ac4c77204e9da0c2de0020b2cedc27bdbcdea6c431eec69b
  - remote: buf.build
    owner: grpc-ecosystem
    repository: grpc-gateway
    commit: 6467306b4f624747aaf6266762ee7a1c
    digest: shake256:833d648b99b9d2c18b6882ef41aaeb113e76fc38de20dda810c588d133846e6593b4da71b388bcd921b1c7ab41c7acf8f106663d7301ae9e82ceab22cf64b1b7
