# Generated by buf. DO NOT EDIT.
version: v1
deps:
  - remote: buf.build
    owner: conduitio
    repository: conduit-commons
    commit: 16091c724e07496a97473a9f635ddb96
    digest: shake256:1f8459d914f9e6600ec6d5259b8429744d66a970cbf64f613ab8a66329f33a4d3d232250dfde5f0314fefa89aedc463784ee7530dc536a0a0b9b9e2fad508fbb
  - remote: buf.build
    owner: googleapis
    repository: googleapis
    commit: 61b203b9a9164be9a834f58c37be6f62
    digest: shake256:e619113001d6e284ee8a92b1561e5d4ea89a47b28bf0410815cb2fa23914df8be9f1a6a98dcf069f5bc2d829a2cfb1ac614863be45cd4f8a5ad8606c5f200224
  - remote: buf.build
    owner: grpc-ecosystem
    repository: grpc-gateway
    commit: 4c5ba75caaf84e928b7137ae5c18c26a
    digest: shake256:e174ad9408f3e608f6157907153ffec8d310783ee354f821f57178ffbeeb8faa6bb70b41b61099c1783c82fe16210ebd1279bc9c9ee6da5cffba9f0e675b8b99
